
Microsoft Visual Studio Solution File, Format Version 12.00
# Visual Studio 2013
VisualStudioVersion = 12.0.31101.0
MinimumVisualStudioVersion = 10.0.40219.1
Project("{8BC9CEB8-8B4A-11D0-8D11-00A0C91BC942}") = "Project1", "Project1\Project1.vcxproj", "{929DCFFD-5BBA-4A6B-AAAA-897319A2AFDD}"
EndProject
Global
	GlobalSection(SolutionConfigurationPlatforms) = preSolution
		CD_ROM|x64 = CD_ROM|x64
		CD_ROM|x86 = CD_ROM|x86
		Debug|x64 = Debug|x64
		Debug|x86 = Debug|x86
		DVD-5|x64 = DVD-5|x64
		DVD-5|x86 = DVD-5|x86
		Release|x64 = Release|x64
		Release|x86 = Release|x86
		SingleImage|x64 = SingleImage|x64
		SingleImage|x86 = SingleImage|x86
	EndGlobalSection
	GlobalSection(ProjectConfigurationPlatforms) = postSolution
		{929DCFFD-5BBA-4A6B-AAAA-897319A2AFDD}.CD_ROM|x64.ActiveCfg = Release|x64
		{929DCFFD-5BBA-4A6B-AAAA-897319A2AFDD}.CD_ROM|x64.Build.0 = Release|x64
		{929DCFFD-5BBA-4A6B-AAAA-897319A2AFDD}.CD_ROM|x86.ActiveCfg = Release|Win32
		{929DCFFD-5BBA-4A6B-AAAA-897319A2AFDD}.CD_ROM|x86.Build.0 = Release|Win32
		{929DCFFD-5BBA-4A6B-AAAA-897319A2AFDD}.Debug|x64.ActiveCfg = Debug|x64
		{929DCFFD-5BBA-4A6B-AAAA-897319A2AFDD}.Debug|x64.Build.0 = Debug|x64
		{929DCFFD-5BBA-4A6B-AAAA-897319A2AFDD}.Debug|x86.ActiveCfg = Debug|Win32
		{929DCFFD-5BBA-4A6B-AAAA-897319A2AFDD}.Debug|x86.Build.0 = Debug|Win32
		{929DCFFD-5BBA-4A6B-AAAA-897319A2AFDD}.DVD-5|x64.ActiveCfg = Debug|x64
		{929DCFFD-5BBA-4A6B-AAAA-897319A2AFDD}.DVD-5|x64.Build.0 = Debug|x64
		{929DCFFD-5BBA-4A6B-AAAA-897319A2AFDD}.DVD-5|x86.ActiveCfg = Debug|Win32
		{929DCFFD-5BBA-4A6B-AAAA-897319A2AFDD}.DVD-5|x86.Build.0 = Debug|Win32
		{929DCFFD-5BBA-4A6B-AAAA-897319A2AFDD}.Release|x64.ActiveCfg = Release|x64
		{929DCFFD-5BBA-4A6B-AAAA-897319A2AFDD}.Release|x64.Build.0 = Release|x64
		{929DCFFD-5BBA-4A6B-AAAA-897319A2AFDD}.Release|x86.ActiveCfg = Release|Win32
		{929DCFFD-5BBA-4A6B-AAAA-897319A2AFDD}.Release|x86.Build.0 = Release|Win32
		{929DCFFD-5BBA-4A6B-AAAA-897319A2AFDD}.SingleImage|x64.ActiveCfg = Release|x64
		{929DCFFD-5BBA-4A6B-AAAA-897319A2AFDD}.SingleImage|x64.Build.0 = Release|x64
		{929DCFFD-5BBA-4A6B-AAAA-897319A2AFDD}.SingleImage|x86.ActiveCfg = Release|Win32
		{929DCFFD-5BBA-4A6B-AAAA-897319A2AFDD}.SingleImage|x86.Build.0 = Release|Win32
	EndGlobalSection
	GlobalSection(SolutionProperties) = preSolution
		HideSolutionNode = FALSE
	EndGlobalSection
EndGlobal
